
Microsoft Visual Studio Solution File, Format Version 12.00
# Visual Studio Version 17
VisualStudioVersion = 17.5.002.0
MinimumVisualStudioVersion = 10.0.40219.1
Project("{9A19103F-16F7-4668-BE54-9A1E7A4F7556}") = "docker", "docker.csproj", "{27F7BE36-9753-42A0-ADDD-DCA274F512E0}"
EndProject
Global
	GlobalSection(SolutionConfigurationPlatforms) = preSolution
		Debug|Any CPU = Debug|Any CPU
		Release|Any CPU = Release|Any CPU
	EndGlobalSection
	GlobalSection(ProjectConfigurationPlatforms) = postSolution
		{27F7BE36-9753-42A0-ADDD-DCA274F512E0}.Debug|Any CPU.ActiveCfg = Debug|Any CPU
		{27F7BE36-9753-42A0-ADDD-DCA274F512E0}.Debug|Any CPU.Build.0 = Debug|Any CPU
		{27F7BE36-9753-42A0-ADDD-DCA274F512E0}.Release|Any CPU.ActiveCfg = Release|Any CPU
		{27F7BE36-9753-42A0-ADDD-DCA274F512E0}.Release|Any CPU.Build.0 = Release|Any CPU
	EndGlobalSection
	GlobalSection(SolutionProperties) = preSolution
		HideSolutionNode = FALSE
	EndGlobalSection
	GlobalSection(ExtensibilityGlobals) = postSolution
		SolutionGuid = {D1108FE5-A2A0-4EBB-9F25-0F6EE3C6850A}
	EndGlobalSection
EndGlobal
